// !$*UTF8*$!
{
	archiveVersion = 1;
	classes = {
	};
	objectVersion = 46;
	objects = {

/* Begin PBXBuildFile section */
		651E420B6252052CE12A8663 /* libPods-CloudIMTest.a in Frameworks */ = {isa = PBXBuildFile; fileRef = 7E30AE8F74FEBAA1A1E873F3 /* libPods-CloudIMTest.a */; };
		836B82E61DEBC43600767A57 /* AppDelegate.swift in Sources */ = {isa = PBXBuildFile; fileRef = 836B82E51DEBC43600767A57 /* AppDelegate.swift */; };
		836B82E81DEBC43700767A57 /* ViewController.swift in Sources */ = {isa = PBXBuildFile; fileRef = 836B82E71DEBC43700767A57 /* ViewController.swift */; };
		836B82EB1DEBC43700767A57 /* Main.storyboard in Resources */ = {isa = PBXBuildFile; fileRef = 836B82E91DEBC43700767A57 /* Main.storyboard */; };
		836B82ED1DEBC43800767A57 /* Assets.xcassets in Resources */ = {isa = PBXBuildFile; fileRef = 836B82EC1DEBC43800767A57 /* Assets.xcassets */; };
		836B82F01DEBC43800767A57 /* LaunchScreen.storyboard in Resources */ = {isa = PBXBuildFile; fileRef = 836B82EE1DEBC43800767A57 /* LaunchScreen.storyboard */; };
		836B82F81DEBC60500767A57 /* Podfile in Resources */ = {isa = PBXBuildFile; fileRef = 836B82F71DEBC60500767A57 /* Podfile */; };
		836B82FE1DEC003E00767A57 /* ConversationViewController.swift in Sources */ = {isa = PBXBuildFile; fileRef = 836B82FD1DEC003E00767A57 /* ConversationViewController.swift */; };
		836B83021DEC269F00767A57 /* ConversationListViewController.swift in Sources */ = {isa = PBXBuildFile; fileRef = 836B83011DEC269F00767A57 /* ConversationListViewController.swift */; };
		836B83051DEC2DE900767A57 /* conversation.storyboard in Resources */ = {isa = PBXBuildFile; fileRef = 836B83031DEC2DE900767A57 /* conversation.storyboard */; };
		836B83081DEC2E1B00767A57 /* aboutUs.storyboard in Resources */ = {isa = PBXBuildFile; fileRef = 836B83061DEC2E1B00767A57 /* aboutUs.storyboard */; };
		836B830A1DEC2E5B00767A57 /* contacts.storyboard in Resources */ = {isa = PBXBuildFile; fileRef = 836B83091DEC2E5B00767A57 /* contacts.storyboard */; };
		836B830D1DEC2E7600767A57 /* severce.storyboard in Resources */ = {isa = PBXBuildFile; fileRef = 836B830B1DEC2E7600767A57 /* severce.storyboard */; };
		836F3B831DF6B92D0078C64B /* RCAnimatedImagesView.m in Sources */ = {isa = PBXBuildFile; fileRef = 836F3B821DF6B92D0078C64B /* RCAnimatedImagesView.m */; };
		83A684701DF55F3300189237 /* LogInViewController.swift in Sources */ = {isa = PBXBuildFile; fileRef = 83A6846F1DF55F3300189237 /* LogInViewController.swift */; };
		83A684721DF5620100189237 /* RoundImageView.swift in Sources */ = {isa = PBXBuildFile; fileRef = 83A684711DF5620100189237 /* RoundImageView.swift */; };
/* End PBXBuildFile section */

/* Begin PBXFileReference section */
		7E30AE8F74FEBAA1A1E873F3 /* libPods-CloudIMTest.a */ = {isa = PBXFileReference; explicitFileType = archive.ar; includeInIndex = 0; path = "libPods-CloudIMTest.a"; sourceTree = BUILT_PRODUCTS_DIR; };
		836B82E21DEBC43600767A57 /* CloudIMTest.app */ = {isa = PBXFileReference; explicitFileType = wrapper.application; includeInIndex = 0; path = CloudIMTest.app; sourceTree = BUILT_PRODUCTS_DIR; };
		836B82E51DEBC43600767A57 /* AppDelegate.swift */ = {isa = PBXFileReference; lastKnownFileType = sourcecode.swift; path = AppDelegate.swift; sourceTree = "<group>"; };
		836B82E71DEBC43700767A57 /* ViewController.swift */ = {isa = PBXFileReference; lastKnownFileType = sourcecode.swift; path = ViewController.swift; sourceTree = "<group>"; };
		836B82EA1DEBC43700767A57 /* Base */ = {isa = PBXFileReference; lastKnownFileType = file.storyboard; name = Base; path = Base.lproj/Main.storyboard; sourceTree = "<group>"; };
		836B82EC1DEBC43800767A57 /* Assets.xcassets */ = {isa = PBXFileReference; lastKnownFileType = folder.assetcatalog; path = Assets.xcassets; sourceTree = "<group>"; };
		836B82EF1DEBC43800767A57 /* Base */ = {isa = PBXFileReference; lastKnownFileType = file.storyboard; name = Base; path = Base.lproj/LaunchScreen.storyboard; sourceTree = "<group>"; };
		836B82F11DEBC43900767A57 /* Info.plist */ = {isa = PBXFileReference; lastKnownFileType = text.plist.xml; path = Info.plist; sourceTree = "<group>"; };
		836B82F71DEBC60500767A57 /* Podfile */ = {isa = PBXFileReference; fileEncoding = 4; lastKnownFileType = text; path = Podfile; sourceTree = "<group>"; xcLanguageSpecificationIdentifier = xcode.lang.ruby; };
		836B82F91DEBD34200767A57 /* CloudIMTest-Bridging-Header.h */ = {isa = PBXFileReference; lastKnownFileType = sourcecode.c.h; path = "CloudIMTest-Bridging-Header.h"; sourceTree = "<group>"; };
		836B82FD1DEC003E00767A57 /* ConversationViewController.swift */ = {isa = PBXFileReference; fileEncoding = 4; lastKnownFileType = sourcecode.swift; path = ConversationViewController.swift; sourceTree = "<group>"; };
		836B83011DEC269F00767A57 /* ConversationListViewController.swift */ = {isa = PBXFileReference; fileEncoding = 4; lastKnownFileType = sourcecode.swift; path = ConversationListViewController.swift; sourceTree = "<group>"; };
		836B83041DEC2DE900767A57 /* Base */ = {isa = PBXFileReference; lastKnownFileType = file.storyboard; name = Base; path = Base.lproj/conversation.storyboard; sourceTree = "<group>"; };
		836B83071DEC2E1B00767A57 /* Base */ = {isa = PBXFileReference; lastKnownFileType = file.storyboard; name = Base; path = Base.lproj/aboutUs.storyboard; sourceTree = "<group>"; };
		836B83091DEC2E5B00767A57 /* contacts.storyboard */ = {isa = PBXFileReference; fileEncoding = 4; lastKnownFileType = file.storyboard; path = contacts.storyboard; sourceTree = "<group>"; };
		836B830C1DEC2E7600767A57 /* Base */ = {isa = PBXFileReference; lastKnownFileType = file.storyboard; name = Base; path = Base.lproj/severce.storyboard; sourceTree = "<group>"; };
		836F3B811DF6B92D0078C64B /* RCAnimatedImagesView.h */ = {isa = PBXFileReference; fileEncoding = 4; lastKnownFileType = sourcecode.c.h; path = RCAnimatedImagesView.h; sourceTree = "<group>"; };
		836F3B821DF6B92D0078C64B /* RCAnimatedImagesView.m */ = {isa = PBXFileReference; fileEncoding = 4; lastKnownFileType = sourcecode.c.objc; path = RCAnimatedImagesView.m; sourceTree = "<group>"; };
		83A6846F1DF55F3300189237 /* LogInViewController.swift */ = {isa = PBXFileReference; fileEncoding = 4; lastKnownFileType = sourcecode.swift; path = LogInViewController.swift; sourceTree = "<group>"; };
		83A684711DF5620100189237 /* RoundImageView.swift */ = {isa = PBXFileReference; fileEncoding = 4; lastKnownFileType = sourcecode.swift; path = RoundImageView.swift; sourceTree = "<group>"; };
		C78A7D1285DC1493D562741C /* Pods-CloudIMTest.debug.xcconfig */ = {isa = PBXFileReference; includeInIndex = 1; lastKnownFileType = text.xcconfig; name = "Pods-CloudIMTest.debug.xcconfig"; path = "Pods/Target Support Files/Pods-CloudIMTest/Pods-CloudIMTest.debug.xcconfig"; sourceTree = "<group>"; };
		D2A212498774B9D776A0C390 /* Pods-CloudIMTest.release.xcconfig */ = {isa = PBXFileReference; includeInIndex = 1; lastKnownFileType = text.xcconfig; name = "Pods-CloudIMTest.release.xcconfig"; path = "Pods/Target Support Files/Pods-CloudIMTest/Pods-CloudIMTest.release.xcconfig"; sourceTree = "<group>"; };
/* End PBXFileReference section */

/* Begin PBXFrameworksBuildPhase section */
		836B82DF1DEBC43600767A57 /* Frameworks */ = {
			isa = PBXFrameworksBuildPhase;
			buildActionMask = 2147483647;
			files = (
				651E420B6252052CE12A8663 /* libPods-CloudIMTest.a in Frameworks */,
			);
			runOnlyForDeploymentPostprocessing = 0;
		};
/* End PBXFrameworksBuildPhase section */

/* Begin PBXGroup section */
		6301954677FF73562055D5D8 /* Pods */ = {
			isa = PBXGroup;
			children = (
				C78A7D1285DC1493D562741C /* Pods-CloudIMTest.debug.xcconfig */,
				D2A212498774B9D776A0C390 /* Pods-CloudIMTest.release.xcconfig */,
			);
			name = Pods;
			sourceTree = "<group>";
		};
		836B82D91DEBC43500767A57 = {
			isa = PBXGroup;
			children = (
				836B82F71DEBC60500767A57 /* Podfile */,
				836B82E41DEBC43600767A57 /* CloudIMTest */,
				836B82E31DEBC43600767A57 /* Products */,
				6301954677FF73562055D5D8 /* Pods */,
				A7AB4CD99CD0470427CA338B /* Frameworks */,
			);
			sourceTree = "<group>";
		};
		836B82E31DEBC43600767A57 /* Products */ = {
			isa = PBXGroup;
			children = (
				836B82E21DEBC43600767A57 /* CloudIMTest.app */,
			);
			name = Products;
			sourceTree = "<group>";
		};
		836B82E41DEBC43600767A57 /* CloudIMTest */ = {
			isa = PBXGroup;
			children = (
				836B82E51DEBC43600767A57 /* AppDelegate.swift */,
				836B82E71DEBC43700767A57 /* ViewController.swift */,
				836B82FD1DEC003E00767A57 /* ConversationViewController.swift */,
				836B83011DEC269F00767A57 /* ConversationListViewController.swift */,
				83A6846F1DF55F3300189237 /* LogInViewController.swift */,
				83A684711DF5620100189237 /* RoundImageView.swift */,
				836B82E91DEBC43700767A57 /* Main.storyboard */,
				836B830B1DEC2E7600767A57 /* severce.storyboard */,
				836B83091DEC2E5B00767A57 /* contacts.storyboard */,
				836B83061DEC2E1B00767A57 /* aboutUs.storyboard */,
				836B83031DEC2DE900767A57 /* conversation.storyboard */,
				836B82EC1DEBC43800767A57 /* Assets.xcassets */,
				836B82EE1DEBC43800767A57 /* LaunchScreen.storyboard */,
				836B82F11DEBC43900767A57 /* Info.plist */,
				836B82F91DEBD34200767A57 /* CloudIMTest-Bridging-Header.h */,
				836F3B811DF6B92D0078C64B /* RCAnimatedImagesView.h */,
				836F3B821DF6B92D0078C64B /* RCAnimatedImagesView.m */,
			);
			path = CloudIMTest;
			sourceTree = "<group>";
		};
		A7AB4CD99CD0470427CA338B /* Frameworks */ = {
			isa = PBXGroup;
			children = (
				7E30AE8F74FEBAA1A1E873F3 /* libPods-CloudIMTest.a */,
			);
			name = Frameworks;
			sourceTree = "<group>";
		};
/* End PBXGroup section */

/* Begin PBXNativeTarget section */
		836B82E11DEBC43600767A57 /* CloudIMTest */ = {
			isa = PBXNativeTarget;
			buildConfigurationList = 836B82F41DEBC43900767A57 /* Build configuration list for PBXNativeTarget "CloudIMTest" */;
			buildPhases = (
				341A5D62A347D42FEEE475CF /* [CP] Check Pods Manifest.lock */,
				836B82DE1DEBC43600767A57 /* Sources */,
				836B82DF1DEBC43600767A57 /* Frameworks */,
				836B82E01DEBC43600767A57 /* Resources */,
				717946DB22795C004F5B67A7 /* [CP] Embed Pods Frameworks */,
				781D18A4E7D439E23FB9FF9B /* [CP] Copy Pods Resources */,
			);
			buildRules = (
			);
			dependencies = (
			);
			name = CloudIMTest;
			productName = CloudIMTest;
			productReference = 836B82E21DEBC43600767A57 /* CloudIMTest.app */;
			productType = "com.apple.product-type.application";
		};
/* End PBXNativeTarget section */

/* Begin PBXProject section */
		836B82DA1DEBC43500767A57 /* Project object */ = {
			isa = PBXProject;
			attributes = {
				LastSwiftUpdateCheck = 0810;
				LastUpgradeCheck = 0810;
				ORGANIZATIONNAME = "王凯";
				TargetAttributes = {
					836B82E11DEBC43600767A57 = {
						CreatedOnToolsVersion = 8.1;
						DevelopmentTeam = H9BUD39NVR;
						LastSwiftMigration = 0810;
						ProvisioningStyle = Automatic;
					};
				};
			};
			buildConfigurationList = 836B82DD1DEBC43500767A57 /* Build configuration list for PBXProject "CloudIMTest" */;
			compatibilityVersion = "Xcode 3.2";
			developmentRegion = English;
			hasScannedForEncodings = 0;
			knownRegions = (
				en,
				Base,
			);
			mainGroup = 836B82D91DEBC43500767A57;
			productRefGroup = 836B82E31DEBC43600767A57 /* Products */;
			projectDirPath = "";
			projectRoot = "";
			targets = (
				836B82E11DEBC43600767A57 /* CloudIMTest */,
			);
		};
/* End PBXProject section */

/* Begin PBXResourcesBuildPhase section */
		836B82E01DEBC43600767A57 /* Resources */ = {
			isa = PBXResourcesBuildPhase;
			buildActionMask = 2147483647;
			files = (
				836B83081DEC2E1B00767A57 /* aboutUs.storyboard in Resources */,
				836B82F01DEBC43800767A57 /* LaunchScreen.storyboard in Resources */,
				836B82ED1DEBC43800767A57 /* Assets.xcassets in Resources */,
				836B82F81DEBC60500767A57 /* Podfile in Resources */,
				836B82EB1DEBC43700767A57 /* Main.storyboard in Resources */,
				836B830A1DEC2E5B00767A57 /* contacts.storyboard in Resources */,
				836B830D1DEC2E7600767A57 /* severce.storyboard in Resources */,
				836B83051DEC2DE900767A57 /* conversation.storyboard in Resources */,
			);
			runOnlyForDeploymentPostprocessing = 0;
		};
/* End PBXResourcesBuildPhase section */

/* Begin PBXShellScriptBuildPhase section */
		341A5D62A347D42FEEE475CF /* [CP] Check Pods Manifest.lock */ = {
			isa = PBXShellScriptBuildPhase;
			buildActionMask = 2147483647;
			files = (
			);
			inputPaths = (
			);
			name = "[CP] Check Pods Manifest.lock";
			outputPaths = (
			);
			runOnlyForDeploymentPostprocessing = 0;
			shellPath = /bin/sh;
			shellScript = "diff \"${PODS_ROOT}/../Podfile.lock\" \"${PODS_ROOT}/Manifest.lock\" > /dev/null\nif [[ $? != 0 ]] ; then\n    cat << EOM\nerror: The sandbox is not in sync with the Podfile.lock. Run 'pod install' or update your CocoaPods installation.\nEOM\n    exit 1\nfi\n";
			showEnvVarsInLog = 0;
		};
		717946DB22795C004F5B67A7 /* [CP] Embed Pods Frameworks */ = {
			isa = PBXShellScriptBuildPhase;
			buildActionMask = 2147483647;
			files = (
			);
			inputPaths = (
			);
			name = "[CP] Embed Pods Frameworks";
			outputPaths = (
			);
			runOnlyForDeploymentPostprocessing = 0;
			shellPath = /bin/sh;
			shellScript = "\"${SRCROOT}/Pods/Target Support Files/Pods-CloudIMTest/Pods-CloudIMTest-frameworks.sh\"\n";
			showEnvVarsInLog = 0;
		};
		781D18A4E7D439E23FB9FF9B /* [CP] Copy Pods Resources */ = {
			isa = PBXShellScriptBuildPhase;
			buildActionMask = 2147483647;
			files = (
			);
			inputPaths = (
			);
			name = "[CP] Copy Pods Resources";
			outputPaths = (
			);
			runOnlyForDeploymentPostprocessing = 0;
			shellPath = /bin/sh;
			shellScript = "\"${SRCROOT}/Pods/Target Support Files/Pods-CloudIMTest/Pods-CloudIMTest-resources.sh\"\n";
			showEnvVarsInLog = 0;
		};
/* End PBXShellScriptBuildPhase section */

/* Begin PBXSourcesBuildPhase section */
		836B82DE1DEBC43600767A57 /* Sources */ = {
			isa = PBXSourcesBuildPhase;
			buildActionMask = 2147483647;
			files = (
				836B82E81DEBC43700767A57 /* ViewController.swift in Sources */,
				836B83021DEC269F00767A57 /* ConversationListViewController.swift in Sources */,
				836B82E61DEBC43600767A57 /* AppDelegate.swift in Sources */,
				83A684701DF55F3300189237 /* LogInViewController.swift in Sources */,
				836B82FE1DEC003E00767A57 /* ConversationViewController.swift in Sources */,
				836F3B831DF6B92D0078C64B /* RCAnimatedImagesView.m in Sources */,
				83A684721DF5620100189237 /* RoundImageView.swift in Sources */,
			);
			runOnlyForDeploymentPostprocessing = 0;
		};
/* End PBXSourcesBuildPhase section */

/* Begin PBXVariantGroup section */
		836B82E91DEBC43700767A57 /* Main.storyboard */ = {
			isa = PBXVariantGroup;
			children = (
				836B82EA1DEBC43700767A57 /* Base */,
			);
			name = Main.storyboard;
			sourceTree = "<group>";
		};
		836B82EE1DEBC43800767A57 /* LaunchScreen.storyboard */ = {
			isa = PBXVariantGroup;
			children = (
				836B82EF1DEBC43800767A57 /* Base */,
			);
			name = LaunchScreen.storyboard;
			sourceTree = "<group>";
		};
		836B83031DEC2DE900767A57 /* conversation.storyboard */ = {
			isa = PBXVariantGroup;
			children = (
				836B83041DEC2DE900767A57 /* Base */,
			);
			name = conversation.storyboard;
			sourceTree = "<group>";
		};
		836B83061DEC2E1B00767A57 /* aboutUs.storyboard */ = {
			isa = PBXVariantGroup;
			children = (
				836B83071DEC2E1B00767A57 /* Base */,
			);
			name = aboutUs.storyboard;
			sourceTree = "<group>";
		};
		836B830B1DEC2E7600767A57 /* severce.storyboard */ = {
			isa = PBXVariantGroup;
			children = (
				836B830C1DEC2E7600767A57 /* Base */,
			);
			name = severce.storyboard;
			sourceTree = "<group>";
		};
/* End PBXVariantGroup section */

/* Begin XCBuildConfiguration section */
		836B82F21DEBC43900767A57 /* Debug */ = {
			isa = XCBuildConfiguration;
			buildSettings = {
				ALWAYS_SEARCH_USER_PATHS = NO;
				CLANG_ANALYZER_NONNULL = YES;
				CLANG_CXX_LANGUAGE_STANDARD = "gnu++0x";
				CLANG_CXX_LIBRARY = "libc++";
				CLANG_ENABLE_MODULES = YES;
				CLANG_ENABLE_OBJC_ARC = YES;
				CLANG_WARN_BOOL_CONVERSION = YES;
				CLANG_WARN_CONSTANT_CONVERSION = YES;
				CLANG_WARN_DIRECT_OBJC_ISA_USAGE = YES_ERROR;
				CLANG_WARN_DOCUMENTATION_COMMENTS = YES;
				CLANG_WARN_EMPTY_BODY = YES;
				CLANG_WARN_ENUM_CONVERSION = YES;
				CLANG_WARN_INFINITE_RECURSION = YES;
				CLANG_WARN_INT_CONVERSION = YES;
				CLANG_WARN_OBJC_ROOT_CLASS = YES_ERROR;
				CLANG_WARN_SUSPICIOUS_MOVES = YES;
				CLANG_WARN_UNREACHABLE_CODE = YES;
				CLANG_WARN__DUPLICATE_METHOD_MATCH = YES;
				"CODE_SIGN_IDENTITY[sdk=iphoneos*]" = "iPhone Developer";
				COPY_PHASE_STRIP = NO;
				DEBUG_INFORMATION_FORMAT = dwarf;
				ENABLE_STRICT_OBJC_MSGSEND = YES;
				ENABLE_TESTABILITY = YES;
				GCC_C_LANGUAGE_STANDARD = gnu99;
				GCC_DYNAMIC_NO_PIC = NO;
				GCC_NO_COMMON_BLOCKS = YES;
				GCC_OPTIMIZATION_LEVEL = 0;
				GCC_PREPROCESSOR_DEFINITIONS = (
					"DEBUG=1",
					"$(inherited)",
				);
				GCC_WARN_64_TO_32_BIT_CONVERSION = YES;
				GCC_WARN_ABOUT_RETURN_TYPE = YES_ERROR;
				GCC_WARN_UNDECLARED_SELECTOR = YES;
				GCC_WARN_UNINITIALIZED_AUTOS = YES_AGGRESSIVE;
				GCC_WARN_UNUSED_FUNCTION = YES;
				GCC_WARN_UNUSED_VARIABLE = YES;
				IPHONEOS_DEPLOYMENT_TARGET = 10.1;
				MTL_ENABLE_DEBUG_INFO = YES;
				ONLY_ACTIVE_ARCH = YES;
				SDKROOT = iphoneos;
				SWIFT_ACTIVE_COMPILATION_CONDITIONS = DEBUG;
				SWIFT_OPTIMIZATION_LEVEL = "-Onone";
			};
			name = Debug;
		};
		836B82F31DEBC43900767A57 /* Release */ = {
			isa = XCBuildConfiguration;
			buildSettings = {
				ALWAYS_SEARCH_USER_PATHS = NO;
				CLANG_ANALYZER_NONNULL = YES;
				CLANG_CXX_LANGUAGE_STANDARD = "gnu++0x";
				CLANG_CXX_LIBRARY = "libc++";
				CLANG_ENABLE_MODULES = YES;
				CLANG_ENABLE_OBJC_ARC = YES;
				CLANG_WARN_BOOL_CONVERSION = YES;
				CLANG_WARN_CONSTANT_CONVERSION = YES;
				CLANG_WARN_DIRECT_OBJC_ISA_USAGE = YES_ERROR;
				CLANG_WARN_DOCUMENTATION_COMMENTS = YES;
				CLANG_WARN_EMPTY_BODY = YES;
				CLANG_WARN_ENUM_CONVERSION = YES;
				CLANG_WARN_INFINITE_RECURSION = YES;
				CLANG_WARN_INT_CONVERSION = YES;
				CLANG_WARN_OBJC_ROOT_CLASS = YES_ERROR;
				CLANG_WARN_SUSPICIOUS_MOVES = YES;
				CLANG_WARN_UNREACHABLE_CODE = YES;
				CLANG_WARN__DUPLICATE_METHOD_MATCH = YES;
				"CODE_SIGN_IDENTITY[sdk=iphoneos*]" = "iPhone Developer";
				COPY_PHASE_STRIP = NO;
				DEBUG_INFORMATION_FORMAT = "dwarf-with-dsym";
				ENABLE_NS_ASSERTIONS = NO;
				ENABLE_STRICT_OBJC_MSGSEND = YES;
				GCC_C_LANGUAGE_STANDARD = gnu99;
				GCC_NO_COMMON_BLOCKS = YES;
				GCC_WARN_64_TO_32_BIT_CONVERSION = YES;
				GCC_WARN_ABOUT_RETURN_TYPE = YES_ERROR;
				GCC_WARN_UNDECLARED_SELECTOR = YES;
				GCC_WARN_UNINITIALIZED_AUTOS = YES_AGGRESSIVE;
				GCC_WARN_UNUSED_FUNCTION = YES;
				GCC_WARN_UNUSED_VARIABLE = YES;
				IPHONEOS_DEPLOYMENT_TARGET = 10.1;
				MTL_ENABLE_DEBUG_INFO = NO;
				SDKROOT = iphoneos;
				SWIFT_OPTIMIZATION_LEVEL = "-Owholemodule";
				VALIDATE_PRODUCT = YES;
			};
			name = Release;
		};
		836B82F51DEBC43900767A57 /* Debug */ = {
			isa = XCBuildConfiguration;
			baseConfigurationReference = C78A7D1285DC1493D562741C /* Pods-CloudIMTest.debug.xcconfig */;
			buildSettings = {
				ASSETCATALOG_COMPILER_APPICON_NAME = AppIcon;
				CLANG_ENABLE_MODULES = YES;
				DEVELOPMENT_TEAM = H9BUD39NVR;
				INFOPLIST_FILE = CloudIMTest/Info.plist;
				LD_RUNPATH_SEARCH_PATHS = "$(inherited) @executable_path/Frameworks";
				PRODUCT_BUNDLE_IDENTIFIER = KingS.CloudIMTest;
				PRODUCT_NAME = "$(TARGET_NAME)";
				SWIFT_OBJC_BRIDGING_HEADER = "CloudIMTest/CloudIMTest-Bridging-Header.h";
				SWIFT_OPTIMIZATION_LEVEL = "-Onone";
				SWIFT_VERSION = 3.0;
			};
			name = Debug;
		};
		836B82F61DEBC43900767A57 /* Release */ = {
			isa = XCBuildConfiguration;
			baseConfigurationReference = D2A212498774B9D776A0C390 /* Pods-CloudIMTest.release.xcconfig */;
			buildSettings = {
				ASSETCATALOG_COMPILER_APPICON_NAME = AppIcon;
				CLANG_ENABLE_MODULES = YES;
				DEVELOPMENT_TEAM = H9BUD39NVR;
				INFOPLIST_FILE = CloudIMTest/Info.plist;
				LD_RUNPATH_SEARCH_PATHS = "$(inherited) @executable_path/Frameworks";
				PRODUCT_BUNDLE_IDENTIFIER = KingS.CloudIMTest;
				PRODUCT_NAME = "$(TARGET_NAME)";
				SWIFT_OBJC_BRIDGING_HEADER = "CloudIMTest/CloudIMTest-Bridging-Header.h";
				SWIFT_VERSION = 3.0;
			};
			name = Release;
		};
/* End XCBuildConfiguration section */

/* Begin XCConfigurationList section */
		836B82DD1DEBC43500767A57 /* Build configuration list for PBXProject "CloudIMTest" */ = {
			isa = XCConfigurationList;
			buildConfigurations = (
				836B82F21DEBC43900767A57 /* Debug */,
				836B82F31DEBC43900767A57 /* Release */,
			);
			defaultConfigurationIsVisible = 0;
			defaultConfigurationName = Release;
		};
		836B82F41DEBC43900767A57 /* Build configuration list for PBXNativeTarget "CloudIMTest" */ = {
			isa = XCConfigurationList;
			buildConfigurations = (
				836B82F51DEBC43900767A57 /* Debug */,
				836B82F61DEBC43900767A57 /* Release */,
			);
			defaultConfigurationIsVisible = 0;
			defaultConfigurationName = Release;
		};
/* End XCConfigurationList section */
	};
	rootObject = 836B82DA1DEBC43500767A57 /* Project object */;
}
